
Microsoft Visual Studio Solution File, Format Version 10.00
# Visual Studio 2008
Project("{FAE04EC0-301F-11D3-BF4B-00C04F79EFBC}") = "db", "db\db.csproj", "{715B830D-90EC-4B83-91D5-91D347BA01E0}"
EndProject
Project("{FAE04EC0-301F-11D3-BF4B-00C04F79EFBC}") = "interfaces", "interfaces\interfaces.csproj", "{D6277372-44F5-4D0C-B4B7-14A77503CA21}"
EndProject
Project("{FAE04EC0-301F-11D3-BF4B-00C04F79EFBC}") = "test", "test\test.csproj", "{E282F918-C1B9-43DF-8F0B-248B75EF4FF7}"
EndProject
Project("{FAE04EC0-301F-11D3-BF4B-00C04F79EFBC}") = "local", "local\local.csproj", "{66347040-747E-4AEC-9ABB-53E4C4E655A0}"
EndProject
Project("{FAE04EC0-301F-11D3-BF4B-00C04F79EFBC}") = "app", "app\app.csproj", "{A417BF8D-F2D9-4924-BA07-3A4110B9636D}"
	ProjectSection(ProjectDependencies) = postProject
		{79D7C1A2-BC62-458C-B452-8373B62EBF7B} = {79D7C1A2-BC62-458C-B452-8373B62EBF7B}
	EndProjectSection
EndProject
Project("{FAE04EC0-301F-11D3-BF4B-00C04F79EFBC}") = "service", "service\service.csproj", "{79D7C1A2-BC62-458C-B452-8373B62EBF7B}"
EndProject
Project("{FAE04EC0-301F-11D3-BF4B-00C04F79EFBC}") = "remote", "remote\remote.csproj", "{F9CE78DC-3814-4433-87E6-0843DC7D4A58}"
	ProjectSection(ProjectDependencies) = postProject
		{79D7C1A2-BC62-458C-B452-8373B62EBF7B} = {79D7C1A2-BC62-458C-B452-8373B62EBF7B}
	EndProjectSection
EndProject
Project("{FAE04EC0-301F-11D3-BF4B-00C04F79EFBC}") = "app2", "app2\app2.csproj", "{01A81764-546B-482A-8140-03DC45AF9C1E}"
	ProjectSection(ProjectDependencies) = postProject
		{79D7C1A2-BC62-458C-B452-8373B62EBF7B} = {79D7C1A2-BC62-458C-B452-8373B62EBF7B}
	EndProjectSection
EndProject
Project("{E24C65DC-7377-472B-9ABA-BC803B73C61A}") = "app-web", "H:\Courses\C#\repo\Database2\app-web\", "{F05A655F-1087-494D-80F4-ADDBAFA5249E}"
	ProjectSection(WebsiteProperties) = preProject
		TargetFramework = "3.5"
		Debug.AspNetCompiler.VirtualPath = "/app-web"
		Debug.AspNetCompiler.PhysicalPath = "app-web\"
		Debug.AspNetCompiler.TargetPath = "PrecompiledWeb\app-web\"
		Debug.AspNetCompiler.Updateable = "true"
		Debug.AspNetCompiler.ForceOverwrite = "true"
		Debug.AspNetCompiler.FixedNames = "false"
		Debug.AspNetCompiler.Debug = "True"
		Release.AspNetCompiler.VirtualPath = "/app-web"
		Release.AspNetCompiler.PhysicalPath = "app-web\"
		Release.AspNetCompiler.TargetPath = "PrecompiledWeb\app-web\"
		Release.AspNetCompiler.Updateable = "true"
		Release.AspNetCompiler.ForceOverwrite = "true"
		Release.AspNetCompiler.FixedNames = "false"
		Release.AspNetCompiler.Debug = "False"
		VWDPort = "1903"
		DefaultWebSiteLanguage = "Visual C#"
	EndProjectSection
EndProject
Global
	GlobalSection(SolutionConfigurationPlatforms) = preSolution
		Debug|Any CPU = Debug|Any CPU
		Release|Any CPU = Release|Any CPU
	EndGlobalSection
	GlobalSection(ProjectConfigurationPlatforms) = postSolution
		{715B830D-90EC-4B83-91D5-91D347BA01E0}.Debug|Any CPU.ActiveCfg = Debug|Any CPU
		{715B830D-90EC-4B83-91D5-91D347BA01E0}.Debug|Any CPU.Build.0 = Debug|Any CPU
		{715B830D-90EC-4B83-91D5-91D347BA01E0}.Release|Any CPU.ActiveCfg = Release|Any CPU
		{715B830D-90EC-4B83-91D5-91D347BA01E0}.Release|Any CPU.Build.0 = Release|Any CPU
		{D6277372-44F5-4D0C-B4B7-14A77503CA21}.Debug|Any CPU.ActiveCfg = Debug|Any CPU
		{D6277372-44F5-4D0C-B4B7-14A77503CA21}.Debug|Any CPU.Build.0 = Debug|Any CPU
		{D6277372-44F5-4D0C-B4B7-14A77503CA21}.Release|Any CPU.ActiveCfg = Release|Any CPU
		{D6277372-44F5-4D0C-B4B7-14A77503CA21}.Release|Any CPU.Build.0 = Release|Any CPU
		{E282F918-C1B9-43DF-8F0B-248B75EF4FF7}.Debug|Any CPU.ActiveCfg = Debug|Any CPU
		{E282F918-C1B9-43DF-8F0B-248B75EF4FF7}.Debug|Any CPU.Build.0 = Debug|Any CPU
		{E282F918-C1B9-43DF-8F0B-248B75EF4FF7}.Release|Any CPU.ActiveCfg = Release|Any CPU
		{E282F918-C1B9-43DF-8F0B-248B75EF4FF7}.Release|Any CPU.Build.0 = Release|Any CPU
		{66347040-747E-4AEC-9ABB-53E4C4E655A0}.Debug|Any CPU.ActiveCfg = Debug|Any CPU
		{66347040-747E-4AEC-9ABB-53E4C4E655A0}.Debug|Any CPU.Build.0 = Debug|Any CPU
		{66347040-747E-4AEC-9ABB-53E4C4E655A0}.Release|Any CPU.ActiveCfg = Release|Any CPU
		{66347040-747E-4AEC-9ABB-53E4C4E655A0}.Release|Any CPU.Build.0 = Release|Any CPU
		{A417BF8D-F2D9-4924-BA07-3A4110B9636D}.Debug|Any CPU.ActiveCfg = Debug|Any CPU
		{A417BF8D-F2D9-4924-BA07-3A4110B9636D}.Debug|Any CPU.Build.0 = Debug|Any CPU
		{A417BF8D-F2D9-4924-BA07-3A4110B9636D}.Release|Any CPU.ActiveCfg = Release|Any CPU
		{A417BF8D-F2D9-4924-BA07-3A4110B9636D}.Release|Any CPU.Build.0 = Release|Any CPU
		{79D7C1A2-BC62-458C-B452-8373B62EBF7B}.Debug|Any CPU.ActiveCfg = Debug|Any CPU
		{79D7C1A2-BC62-458C-B452-8373B62EBF7B}.Debug|Any CPU.Build.0 = Debug|Any CPU
		{79D7C1A2-BC62-458C-B452-8373B62EBF7B}.Release|Any CPU.ActiveCfg = Release|Any CPU
		{79D7C1A2-BC62-458C-B452-8373B62EBF7B}.Release|Any CPU.Build.0 = Release|Any CPU
		{F9CE78DC-3814-4433-87E6-0843DC7D4A58}.Debug|Any CPU.ActiveCfg = Debug|Any CPU
		{F9CE78DC-3814-4433-87E6-0843DC7D4A58}.Debug|Any CPU.Build.0 = Debug|Any CPU
		{F9CE78DC-3814-4433-87E6-0843DC7D4A58}.Release|Any CPU.ActiveCfg = Release|Any CPU
		{F9CE78DC-3814-4433-87E6-0843DC7D4A58}.Release|Any CPU.Build.0 = Release|Any CPU
		{01A81764-546B-482A-8140-03DC45AF9C1E}.Debug|Any CPU.ActiveCfg = Debug|Any CPU
		{01A81764-546B-482A-8140-03DC45AF9C1E}.Debug|Any CPU.Build.0 = Debug|Any CPU
		{01A81764-546B-482A-8140-03DC45AF9C1E}.Release|Any CPU.ActiveCfg = Release|Any CPU
		{01A81764-546B-482A-8140-03DC45AF9C1E}.Release|Any CPU.Build.0 = Release|Any CPU
		{F05A655F-1087-494D-80F4-ADDBAFA5249E}.Debug|Any CPU.ActiveCfg = Debug|Any CPU
		{F05A655F-1087-494D-80F4-ADDBAFA5249E}.Debug|Any CPU.Build.0 = Debug|Any CPU
		{F05A655F-1087-494D-80F4-ADDBAFA5249E}.Release|Any CPU.ActiveCfg = Debug|Any CPU
		{F05A655F-1087-494D-80F4-ADDBAFA5249E}.Release|Any CPU.Build.0 = Debug|Any CPU
	EndGlobalSection
	GlobalSection(SolutionProperties) = preSolution
		HideSolutionNode = FALSE
	EndGlobalSection
EndGlobal
